
Microsoft Visual Studio Solution File, Format Version 12.00
# Visual Studio Version 17
VisualStudioVersion = 17.1.32228.430
MinimumVisualStudioVersion = 10.0.40219.1
Project("{9A19103F-16F7-4668-BE54-9A1E7A4F7556}") = "01-Fundamental", "01-Fundamental\01-Fundamental.csproj", "{E0F47F2B-35FA-4108-AB26-F169A67C911B}"
EndProject
Project("{9A19103F-16F7-4668-BE54-9A1E7A4F7556}") = "Day02", "Day02\Day02.csproj", "{CFA220FA-FA91-45A5-A5E8-EB595209BA5C}"
EndProject
Project("{9A19103F-16F7-4668-BE54-9A1E7A4F7556}") = "Day03", "Day03\Day03.csproj", "{4F06254E-97E0-46C6-93EB-D81930D4EB95}"
EndProject
Project("{9A19103F-16F7-4668-BE54-9A1E7A4F7556}") = "Day4", "Day4\Day4.csproj", "{2EF4A72A-4ACA-4DCD-8195-051AE00F293E}"
EndProject
Global
	GlobalSection(SolutionConfigurationPlatforms) = preSolution
		Debug|Any CPU = Debug|Any CPU
		Release|Any CPU = Release|Any CPU
	EndGlobalSection
	GlobalSection(ProjectConfigurationPlatforms) = postSolution
		{E0F47F2B-35FA-4108-AB26-F169A67C911B}.Debug|Any CPU.ActiveCfg = Debug|Any CPU
		{E0F47F2B-35FA-4108-AB26-F169A67C911B}.Debug|Any CPU.Build.0 = Debug|Any CPU
		{E0F47F2B-35FA-4108-AB26-F169A67C911B}.Release|Any CPU.ActiveCfg = Release|Any CPU
		{E0F47F2B-35FA-4108-AB26-F169A67C911B}.Release|Any CPU.Build.0 = Release|Any CPU
		{CFA220FA-FA91-45A5-A5E8-EB595209BA5C}.Debug|Any CPU.ActiveCfg = Debug|Any CPU
		{CFA220FA-FA91-45A5-A5E8-EB595209BA5C}.Debug|Any CPU.Build.0 = Debug|Any CPU
		{CFA220FA-FA91-45A5-A5E8-EB595209BA5C}.Release|Any CPU.ActiveCfg = Release|Any CPU
		{CFA220FA-FA91-45A5-A5E8-EB595209BA5C}.Release|Any CPU.Build.0 = Release|Any CPU
		{4F06254E-97E0-46C6-93EB-D81930D4EB95}.Debug|Any CPU.ActiveCfg = Debug|Any CPU
		{4F06254E-97E0-46C6-93EB-D81930D4EB95}.Debug|Any CPU.Build.0 = Debug|Any CPU
		{4F06254E-97E0-46C6-93EB-D81930D4EB95}.Release|Any CPU.ActiveCfg = Release|Any CPU
		{4F06254E-97E0-46C6-93EB-D81930D4EB95}.Release|Any CPU.Build.0 = Release|Any CPU
		{2EF4A72A-4ACA-4DCD-8195-051AE00F293E}.Debug|Any CPU.ActiveCfg = Debug|Any CPU
		{2EF4A72A-4ACA-4DCD-8195-051AE00F293E}.Debug|Any CPU.Build.0 = Debug|Any CPU
		{2EF4A72A-4ACA-4DCD-8195-051AE00F293E}.Release|Any CPU.ActiveCfg = Release|Any CPU
		{2EF4A72A-4ACA-4DCD-8195-051AE00F293E}.Release|Any CPU.Build.0 = Release|Any CPU
	EndGlobalSection
	GlobalSection(SolutionProperties) = preSolution
		HideSolutionNode = FALSE
	EndGlobalSection
	GlobalSection(ExtensibilityGlobals) = postSolution
		SolutionGuid = {B8E6E65F-AE4B-4501-8756-A4E63E7EB4BE}
	EndGlobalSection
EndGlobal
